
Microsoft Visual Studio Solution File, Format Version 12.00
Project("{FAE04EC0-301F-11D3-BF4B-00C04F79EFBC}") = "EvalTask.API", "EvalTask\EvalTask.API.csproj", "{2F88B015-7B78-4FDF-9C82-5650B7D40B93}"
EndProject
Project("{2150E333-8FDC-42A3-9474-1A3956D46DE8}") = "App", "App", "{7BE99A69-17A4-455B-9F21-07121E06716C}"
EndProject
Project("{2150E333-8FDC-42A3-9474-1A3956D46DE8}") = "DAL", "DAL", "{04F2215C-A731-49A1-8137-8E355EE7CE34}"
EndProject
Project("{2150E333-8FDC-42A3-9474-1A3956D46DE8}") = "BLL", "BLL", "{CE514193-9F21-47BA-BDD7-42B910A31630}"
EndProject
Project("{2150E333-8FDC-42A3-9474-1A3956D46DE8}") = "Library", "Library", "{7B1979C3-B8EA-4280-B8F3-81B3220E57ED}"
EndProject
Project("{FAE04EC0-301F-11D3-BF4B-00C04F79EFBC}") = "EvalTask.Data", "EvalTask.Data\EvalTask.Data.csproj", "{7E678DA5-EC43-4F42-868C-65DAEAD648B0}"
EndProject
Project("{FAE04EC0-301F-11D3-BF4B-00C04F79EFBC}") = "EvalTask.Domain", "EvalTask.Domain\EvalTask.Domain.csproj", "{EB30F940-F075-4C89-B97B-CC1D558CD464}"
EndProject
Project("{FAE04EC0-301F-11D3-BF4B-00C04F79EFBC}") = "EvalTask.Dto", "EvalTask.Dto\EvalTask.Dto.csproj", "{71FD17D1-E354-448E-9B1D-0CA65ECC31A7}"
EndProject
Project("{FAE04EC0-301F-11D3-BF4B-00C04F79EFBC}") = "EvalTask.Identity", "EvalTask.Identity\EvalTask.Identity.csproj", "{2D4D5152-CA50-42DC-AF3B-48F7DDCB5A71}"
EndProject
Project("{FAE04EC0-301F-11D3-BF4B-00C04F79EFBC}") = "EvalTask.Swagger", "EvalTask.Swagger\EvalTask.Swagger.csproj", "{445088B2-BB00-4BC3-9CFC-3CF70712E29F}"
EndProject
Project("{FAE04EC0-301F-11D3-BF4B-00C04F79EFBC}") = "EvalTask.Product.SQRS", "EvalTask.Product.SQRS\EvalTask.Product.SQRS.csproj", "{6FEBC517-F874-44AE-9DC7-2C30D6AC16DB}"
EndProject
Global
	GlobalSection(SolutionConfigurationPlatforms) = preSolution
		Debug|Any CPU = Debug|Any CPU
		Release|Any CPU = Release|Any CPU
	EndGlobalSection
	GlobalSection(ProjectConfigurationPlatforms) = postSolution
		{2F88B015-7B78-4FDF-9C82-5650B7D40B93}.Debug|Any CPU.ActiveCfg = Debug|Any CPU
		{2F88B015-7B78-4FDF-9C82-5650B7D40B93}.Debug|Any CPU.Build.0 = Debug|Any CPU
		{2F88B015-7B78-4FDF-9C82-5650B7D40B93}.Release|Any CPU.ActiveCfg = Release|Any CPU
		{2F88B015-7B78-4FDF-9C82-5650B7D40B93}.Release|Any CPU.Build.0 = Release|Any CPU
		{7E678DA5-EC43-4F42-868C-65DAEAD648B0}.Debug|Any CPU.ActiveCfg = Debug|Any CPU
		{7E678DA5-EC43-4F42-868C-65DAEAD648B0}.Debug|Any CPU.Build.0 = Debug|Any CPU
		{7E678DA5-EC43-4F42-868C-65DAEAD648B0}.Release|Any CPU.ActiveCfg = Release|Any CPU
		{7E678DA5-EC43-4F42-868C-65DAEAD648B0}.Release|Any CPU.Build.0 = Release|Any CPU
		{EB30F940-F075-4C89-B97B-CC1D558CD464}.Debug|Any CPU.ActiveCfg = Debug|Any CPU
		{EB30F940-F075-4C89-B97B-CC1D558CD464}.Debug|Any CPU.Build.0 = Debug|Any CPU
		{EB30F940-F075-4C89-B97B-CC1D558CD464}.Release|Any CPU.ActiveCfg = Release|Any CPU
		{EB30F940-F075-4C89-B97B-CC1D558CD464}.Release|Any CPU.Build.0 = Release|Any CPU
		{71FD17D1-E354-448E-9B1D-0CA65ECC31A7}.Debug|Any CPU.ActiveCfg = Debug|Any CPU
		{71FD17D1-E354-448E-9B1D-0CA65ECC31A7}.Debug|Any CPU.Build.0 = Debug|Any CPU
		{71FD17D1-E354-448E-9B1D-0CA65ECC31A7}.Release|Any CPU.ActiveCfg = Release|Any CPU
		{71FD17D1-E354-448E-9B1D-0CA65ECC31A7}.Release|Any CPU.Build.0 = Release|Any CPU
		{2D4D5152-CA50-42DC-AF3B-48F7DDCB5A71}.Debug|Any CPU.ActiveCfg = Debug|Any CPU
		{2D4D5152-CA50-42DC-AF3B-48F7DDCB5A71}.Debug|Any CPU.Build.0 = Debug|Any CPU
		{2D4D5152-CA50-42DC-AF3B-48F7DDCB5A71}.Release|Any CPU.ActiveCfg = Release|Any CPU
		{2D4D5152-CA50-42DC-AF3B-48F7DDCB5A71}.Release|Any CPU.Build.0 = Release|Any CPU
		{445088B2-BB00-4BC3-9CFC-3CF70712E29F}.Debug|Any CPU.ActiveCfg = Debug|Any CPU
		{445088B2-BB00-4BC3-9CFC-3CF70712E29F}.Debug|Any CPU.Build.0 = Debug|Any CPU
		{445088B2-BB00-4BC3-9CFC-3CF70712E29F}.Release|Any CPU.ActiveCfg = Release|Any CPU
		{445088B2-BB00-4BC3-9CFC-3CF70712E29F}.Release|Any CPU.Build.0 = Release|Any CPU
		{6FEBC517-F874-44AE-9DC7-2C30D6AC16DB}.Debug|Any CPU.ActiveCfg = Debug|Any CPU
		{6FEBC517-F874-44AE-9DC7-2C30D6AC16DB}.Debug|Any CPU.Build.0 = Debug|Any CPU
		{6FEBC517-F874-44AE-9DC7-2C30D6AC16DB}.Release|Any CPU.ActiveCfg = Release|Any CPU
		{6FEBC517-F874-44AE-9DC7-2C30D6AC16DB}.Release|Any CPU.Build.0 = Release|Any CPU
	EndGlobalSection
	GlobalSection(NestedProjects) = preSolution
		{2F88B015-7B78-4FDF-9C82-5650B7D40B93} = {7BE99A69-17A4-455B-9F21-07121E06716C}
		{7E678DA5-EC43-4F42-868C-65DAEAD648B0} = {04F2215C-A731-49A1-8137-8E355EE7CE34}
		{EB30F940-F075-4C89-B97B-CC1D558CD464} = {04F2215C-A731-49A1-8137-8E355EE7CE34}
		{71FD17D1-E354-448E-9B1D-0CA65ECC31A7} = {7BE99A69-17A4-455B-9F21-07121E06716C}
		{2D4D5152-CA50-42DC-AF3B-48F7DDCB5A71} = {7B1979C3-B8EA-4280-B8F3-81B3220E57ED}
		{445088B2-BB00-4BC3-9CFC-3CF70712E29F} = {7B1979C3-B8EA-4280-B8F3-81B3220E57ED}
		{6FEBC517-F874-44AE-9DC7-2C30D6AC16DB} = {CE514193-9F21-47BA-BDD7-42B910A31630}
	EndGlobalSection
EndGlobal
